// !$*UTF8*$!
{
	archiveVersion = 1;
	classes = {
	};
	objectVersion = 56;
	objects = {

/* Begin PBXBuildFile section */
		8F11EAF82A9C340B0065CD08 /* FirebaseAuth in Frameworks */ = {isa = PBXBuildFile; productRef = 8F11EAF72A9C340B0065CD08 /* FirebaseAuth */; };
		8F11EAFA2A9C340B0065CD08 /* FirebaseDatabase in Frameworks */ = {isa = PBXBuildFile; productRef = 8F11EAF92A9C340B0065CD08 /* FirebaseDatabase */; };
		8F11EAFC2A9C340B0065CD08 /* FirebaseFirestore in Frameworks */ = {isa = PBXBuildFile; productRef = 8F11EAFB2A9C340B0065CD08 /* FirebaseFirestore */; };
		8F11EAFE2A9C340B0065CD08 /* FirebaseStorage in Frameworks */ = {isa = PBXBuildFile; productRef = 8F11EAFD2A9C340B0065CD08 /* FirebaseStorage */; };
		8F11EB002A9C990D0065CD08 /* LoginViewController.swift in Sources */ = {isa = PBXBuildFile; fileRef = 8F11EAFF2A9C990D0065CD08 /* LoginViewController.swift */; };
		8F38ADAB2A894B8D003125F6 /* AppDelegate.swift in Sources */ = {isa = PBXBuildFile; fileRef = 8F38ADAA2A894B8D003125F6 /* AppDelegate.swift */; };
		8F38ADAD2A894B8D003125F6 /* SceneDelegate.swift in Sources */ = {isa = PBXBuildFile; fileRef = 8F38ADAC2A894B8D003125F6 /* SceneDelegate.swift */; };
		8F38ADB22A894B8D003125F6 /* Main.storyboard in Resources */ = {isa = PBXBuildFile; fileRef = 8F38ADB02A894B8D003125F6 /* Main.storyboard */; };
		8F38ADB42A894B8D003125F6 /* Assets.xcassets in Resources */ = {isa = PBXBuildFile; fileRef = 8F38ADB32A894B8D003125F6 /* Assets.xcassets */; };
		8F38ADB72A894B8D003125F6 /* LaunchScreen.storyboard in Resources */ = {isa = PBXBuildFile; fileRef = 8F38ADB52A894B8D003125F6 /* LaunchScreen.storyboard */; };
		8F4ACF5A2AE02873000A4BBE /* SnapKit in Frameworks */ = {isa = PBXBuildFile; productRef = 8F4ACF592AE02873000A4BBE /* SnapKit */; };
		8F6CBE8A2AEBD55200566EE4 /* MyPageViewController.swift in Sources */ = {isa = PBXBuildFile; fileRef = 8F6CBE892AEBD55200566EE4 /* MyPageViewController.swift */; };
		8F6CBE8C2AEBFE8F00566EE4 /* ReportViewController.swift in Sources */ = {isa = PBXBuildFile; fileRef = 8F6CBE8B2AEBFE8F00566EE4 /* ReportViewController.swift */; };
		8F7265282AB1EF3E00662ED6 /* MainListViewController.swift in Sources */ = {isa = PBXBuildFile; fileRef = 8F7265272AB1EF3E00662ED6 /* MainListViewController.swift */; };
		8F8BF96E2AE66F0500D379C8 /* CalendarViewController.swift in Sources */ = {isa = PBXBuildFile; fileRef = 8F8BF96D2AE66F0500D379C8 /* CalendarViewController.swift */; };
		8F8BF9702AE6708200D379C8 /* GetCurrentTIme.swift in Sources */ = {isa = PBXBuildFile; fileRef = 8F8BF96F2AE6708200D379C8 /* GetCurrentTIme.swift */; };
		8F8BF9742AE6883B00D379C8 /* GoogleService-Info.plist in Resources */ = {isa = PBXBuildFile; fileRef = 8F8BF9732AE6883B00D379C8 /* GoogleService-Info.plist */; };
		8F9F35E82AF0102F00ADB101 /* SplashViewController.swift in Sources */ = {isa = PBXBuildFile; fileRef = 8F9F35E72AF0102F00ADB101 /* SplashViewController.swift */; };
		8FCD50BC2AF1755D00C00221 /* SOYO Maple Regular.otf in Resources */ = {isa = PBXBuildFile; fileRef = 8FCD50BA2AF1755D00C00221 /* SOYO Maple Regular.otf */; };
		8FCD50BD2AF1755D00C00221 /* SOYO Maple Bold.otf in Resources */ = {isa = PBXBuildFile; fileRef = 8FCD50BB2AF1755D00C00221 /* SOYO Maple Bold.otf */; };
		8FCD50C62AF1788100C00221 /* MainListCell.swift in Sources */ = {isa = PBXBuildFile; fileRef = 8FCD50C42AF1788100C00221 /* MainListCell.swift */; };
		8FCD50C72AF1788100C00221 /* MainListCell.xib in Resources */ = {isa = PBXBuildFile; fileRef = 8FCD50C52AF1788100C00221 /* MainListCell.xib */; };
		8FD1A45E2AD6B07000869BA0 /* AddGoalModalViewController.swift in Sources */ = {isa = PBXBuildFile; fileRef = 8FD1A45D2AD6B07000869BA0 /* AddGoalModalViewController.swift */; };
		8FE1D10C2A9B243300582D66 /* FIrstViewController.swift in Sources */ = {isa = PBXBuildFile; fileRef = 8FE1D10B2A9B243300582D66 /* FIrstViewController.swift */; };
		8FE1D10E2A9B246B00582D66 /* JoinViewController.swift in Sources */ = {isa = PBXBuildFile; fileRef = 8FE1D10D2A9B246B00582D66 /* JoinViewController.swift */; };
		8FE1D11E2A9B311900582D66 /* RxCocoa in Frameworks */ = {isa = PBXBuildFile; productRef = 8FE1D11D2A9B311900582D66 /* RxCocoa */; };
		8FE1D1202A9B311900582D66 /* RxSwift in Frameworks */ = {isa = PBXBuildFile; productRef = 8FE1D11F2A9B311900582D66 /* RxSwift */; };
		E22024E969F271C947A9414F /* Pods_RunToYourGoal.framework in Frameworks */ = {isa = PBXBuildFile; fileRef = BBE854079F43218A6CA41074 /* Pods_RunToYourGoal.framework */; };
/* End PBXBuildFile section */

/* Begin PBXFileReference section */
		1D4A9D0F73CE55FA4F073046 /* Pods-RunToYourGoal.release.xcconfig */ = {isa = PBXFileReference; includeInIndex = 1; lastKnownFileType = text.xcconfig; name = "Pods-RunToYourGoal.release.xcconfig"; path = "Target Support Files/Pods-RunToYourGoal/Pods-RunToYourGoal.release.xcconfig"; sourceTree = "<group>"; };
		8F11EAFF2A9C990D0065CD08 /* LoginViewController.swift */ = {isa = PBXFileReference; lastKnownFileType = sourcecode.swift; path = LoginViewController.swift; sourceTree = "<group>"; };
		8F38ADA72A894B8D003125F6 /* RunToYourGoal.app */ = {isa = PBXFileReference; explicitFileType = wrapper.application; includeInIndex = 0; path = RunToYourGoal.app; sourceTree = BUILT_PRODUCTS_DIR; };
		8F38ADAA2A894B8D003125F6 /* AppDelegate.swift */ = {isa = PBXFileReference; lastKnownFileType = sourcecode.swift; path = AppDelegate.swift; sourceTree = "<group>"; };
		8F38ADAC2A894B8D003125F6 /* SceneDelegate.swift */ = {isa = PBXFileReference; lastKnownFileType = sourcecode.swift; path = SceneDelegate.swift; sourceTree = "<group>"; };
		8F38ADB12A894B8D003125F6 /* Base */ = {isa = PBXFileReference; lastKnownFileType = file.storyboard; name = Base; path = Base.lproj/Main.storyboard; sourceTree = "<group>"; };
		8F38ADB32A894B8D003125F6 /* Assets.xcassets */ = {isa = PBXFileReference; lastKnownFileType = folder.assetcatalog; path = Assets.xcassets; sourceTree = "<group>"; };
		8F38ADB62A894B8D003125F6 /* Base */ = {isa = PBXFileReference; lastKnownFileType = file.storyboard; name = Base; path = Base.lproj/LaunchScreen.storyboard; sourceTree = "<group>"; };
		8F38ADB82A894B8D003125F6 /* Info.plist */ = {isa = PBXFileReference; lastKnownFileType = text.plist.xml; path = Info.plist; sourceTree = "<group>"; };
		8F6CBE892AEBD55200566EE4 /* MyPageViewController.swift */ = {isa = PBXFileReference; lastKnownFileType = sourcecode.swift; path = MyPageViewController.swift; sourceTree = "<group>"; };
		8F6CBE8B2AEBFE8F00566EE4 /* ReportViewController.swift */ = {isa = PBXFileReference; lastKnownFileType = sourcecode.swift; path = ReportViewController.swift; sourceTree = "<group>"; };
		8F7265272AB1EF3E00662ED6 /* MainListViewController.swift */ = {isa = PBXFileReference; lastKnownFileType = sourcecode.swift; path = MainListViewController.swift; sourceTree = "<group>"; };
		8F8BF96D2AE66F0500D379C8 /* CalendarViewController.swift */ = {isa = PBXFileReference; lastKnownFileType = sourcecode.swift; path = CalendarViewController.swift; sourceTree = "<group>"; };
		8F8BF96F2AE6708200D379C8 /* GetCurrentTIme.swift */ = {isa = PBXFileReference; lastKnownFileType = sourcecode.swift; path = GetCurrentTIme.swift; sourceTree = "<group>"; };
		8F8BF9732AE6883B00D379C8 /* GoogleService-Info.plist */ = {isa = PBXFileReference; fileEncoding = 4; lastKnownFileType = text.plist.xml; name = "GoogleService-Info.plist"; path = "../../step1/GoogleService-Info.plist"; sourceTree = "<group>"; };
		8F9F35E72AF0102F00ADB101 /* SplashViewController.swift */ = {isa = PBXFileReference; lastKnownFileType = sourcecode.swift; path = SplashViewController.swift; sourceTree = "<group>"; };
		8FCD50BA2AF1755D00C00221 /* SOYO Maple Regular.otf */ = {isa = PBXFileReference; lastKnownFileType = file; name = "SOYO Maple Regular.otf"; path = "RunToYourGoal/SOYO Maple Regular.otf"; sourceTree = SOURCE_ROOT; };
		8FCD50BB2AF1755D00C00221 /* SOYO Maple Bold.otf */ = {isa = PBXFileReference; lastKnownFileType = file; name = "SOYO Maple Bold.otf"; path = "RunToYourGoal/SOYO Maple Bold.otf"; sourceTree = SOURCE_ROOT; };
		8FCD50C42AF1788100C00221 /* MainListCell.swift */ = {isa = PBXFileReference; lastKnownFileType = sourcecode.swift; path = MainListCell.swift; sourceTree = "<group>"; };
		8FCD50C52AF1788100C00221 /* MainListCell.xib */ = {isa = PBXFileReference; lastKnownFileType = file.xib; path = MainListCell.xib; sourceTree = "<group>"; };
		8FD1A45D2AD6B07000869BA0 /* AddGoalModalViewController.swift */ = {isa = PBXFileReference; lastKnownFileType = sourcecode.swift; path = AddGoalModalViewController.swift; sourceTree = "<group>"; };
		8FE1D10B2A9B243300582D66 /* FIrstViewController.swift */ = {isa = PBXFileReference; lastKnownFileType = sourcecode.swift; path = FIrstViewController.swift; sourceTree = "<group>"; };
		8FE1D10D2A9B246B00582D66 /* JoinViewController.swift */ = {isa = PBXFileReference; lastKnownFileType = sourcecode.swift; path = JoinViewController.swift; sourceTree = "<group>"; };
		A7526BAC5F78F703EA5E87A1 /* Pods-RunToYourGoal.debug.xcconfig */ = {isa = PBXFileReference; includeInIndex = 1; lastKnownFileType = text.xcconfig; name = "Pods-RunToYourGoal.debug.xcconfig"; path = "Target Support Files/Pods-RunToYourGoal/Pods-RunToYourGoal.debug.xcconfig"; sourceTree = "<group>"; };
		BBE854079F43218A6CA41074 /* Pods_RunToYourGoal.framework */ = {isa = PBXFileReference; explicitFileType = wrapper.framework; includeInIndex = 0; path = Pods_RunToYourGoal.framework; sourceTree = BUILT_PRODUCTS_DIR; };
/* End PBXFileReference section */

/* Begin PBXFrameworksBuildPhase section */
		8F38ADA42A894B8D003125F6 /* Frameworks */ = {
			isa = PBXFrameworksBuildPhase;
			buildActionMask = 2147483647;
			files = (
				8FE1D1202A9B311900582D66 /* RxSwift in Frameworks */,
				8F11EAF82A9C340B0065CD08 /* FirebaseAuth in Frameworks */,
				8F11EAFA2A9C340B0065CD08 /* FirebaseDatabase in Frameworks */,
				8F4ACF5A2AE02873000A4BBE /* SnapKit in Frameworks */,
				8F11EAFC2A9C340B0065CD08 /* FirebaseFirestore in Frameworks */,
				8FE1D11E2A9B311900582D66 /* RxCocoa in Frameworks */,
				8F11EAFE2A9C340B0065CD08 /* FirebaseStorage in Frameworks */,
				E22024E969F271C947A9414F /* Pods_RunToYourGoal.framework in Frameworks */,
			);
			runOnlyForDeploymentPostprocessing = 0;
		};
/* End PBXFrameworksBuildPhase section */

/* Begin PBXGroup section */
		8F38AD9E2A894B8D003125F6 = {
			isa = PBXGroup;
			children = (
				8F38ADA92A894B8D003125F6 /* RunToYourGoal */,
				8F38ADA82A894B8D003125F6 /* Products */,
				D29894971CA600ACE605FBA0 /* Pods */,
				D361B20DA4C60C941FF18B25 /* Frameworks */,
			);
			sourceTree = "<group>";
		};
		8F38ADA82A894B8D003125F6 /* Products */ = {
			isa = PBXGroup;
			children = (
				8F38ADA72A894B8D003125F6 /* RunToYourGoal.app */,
			);
			name = Products;
			sourceTree = "<group>";
		};
		8F38ADA92A894B8D003125F6 /* RunToYourGoal */ = {
			isa = PBXGroup;
			children = (
				8FCD50B92AF1754B00C00221 /* Font */,
				8FE1D1082A9B20FB00582D66 /* Model */,
				8FE1D1092A9B210D00582D66 /* View */,
				8FE1D10A2A9B211A00582D66 /* Controller */,
				8F38ADAA2A894B8D003125F6 /* AppDelegate.swift */,
				8F38ADAC2A894B8D003125F6 /* SceneDelegate.swift */,
				8F8BF9732AE6883B00D379C8 /* GoogleService-Info.plist */,
				8F38ADB32A894B8D003125F6 /* Assets.xcassets */,
				8F38ADB82A894B8D003125F6 /* Info.plist */,
			);
			path = RunToYourGoal;
			sourceTree = "<group>";
		};
		8FCD50B92AF1754B00C00221 /* Font */ = {
			isa = PBXGroup;
			children = (
				8FCD50BB2AF1755D00C00221 /* SOYO Maple Bold.otf */,
				8FCD50BA2AF1755D00C00221 /* SOYO Maple Regular.otf */,
			);
			path = Font;
			sourceTree = "<group>";
		};
		8FE1D1082A9B20FB00582D66 /* Model */ = {
			isa = PBXGroup;
			children = (
				8F8BF96F2AE6708200D379C8 /* GetCurrentTIme.swift */,
				8FCD50C42AF1788100C00221 /* MainListCell.swift */,
				8FCD50C52AF1788100C00221 /* MainListCell.xib */,
			);
			path = Model;
			sourceTree = "<group>";
		};
		8FE1D1092A9B210D00582D66 /* View */ = {
			isa = PBXGroup;
			children = (
				8F38ADB02A894B8D003125F6 /* Main.storyboard */,
				8F38ADB52A894B8D003125F6 /* LaunchScreen.storyboard */,
			);
			path = View;
			sourceTree = "<group>";
		};
		8FE1D10A2A9B211A00582D66 /* Controller */ = {
			isa = PBXGroup;
			children = (
				8FE1D10B2A9B243300582D66 /* FIrstViewController.swift */,
				8FE1D10D2A9B246B00582D66 /* JoinViewController.swift */,
				8F11EAFF2A9C990D0065CD08 /* LoginViewController.swift */,
				8F7265272AB1EF3E00662ED6 /* MainListViewController.swift */,
				8FD1A45D2AD6B07000869BA0 /* AddGoalModalViewController.swift */,
				8F8BF96D2AE66F0500D379C8 /* CalendarViewController.swift */,
				8F6CBE892AEBD55200566EE4 /* MyPageViewController.swift */,
				8F6CBE8B2AEBFE8F00566EE4 /* ReportViewController.swift */,
				8F9F35E72AF0102F00ADB101 /* SplashViewController.swift */,
			);
			path = Controller;
			sourceTree = "<group>";
		};
		D29894971CA600ACE605FBA0 /* Pods */ = {
			isa = PBXGroup;
			children = (
				A7526BAC5F78F703EA5E87A1 /* Pods-RunToYourGoal.debug.xcconfig */,
				1D4A9D0F73CE55FA4F073046 /* Pods-RunToYourGoal.release.xcconfig */,
			);
			path = Pods;
			sourceTree = "<group>";
		};
		D361B20DA4C60C941FF18B25 /* Frameworks */ = {
			isa = PBXGroup;
			children = (
				BBE854079F43218A6CA41074 /* Pods_RunToYourGoal.framework */,
			);
			name = Frameworks;
			sourceTree = "<group>";
		};
/* End PBXGroup section */

/* Begin PBXNativeTarget section */
		8F38ADA62A894B8D003125F6 /* RunToYourGoal */ = {
			isa = PBXNativeTarget;
			buildConfigurationList = 8F38ADBB2A894B8D003125F6 /* Build configuration list for PBXNativeTarget "RunToYourGoal" */;
			buildPhases = (
				0B3F72E473FE37AB60B48241 /* [CP] Check Pods Manifest.lock */,
				8F38ADA32A894B8D003125F6 /* Sources */,
				8F38ADA42A894B8D003125F6 /* Frameworks */,
				8F38ADA52A894B8D003125F6 /* Resources */,
				EFA00AC94F1A1C69E3C04686 /* [CP] Embed Pods Frameworks */,
			);
			buildRules = (
			);
			dependencies = (
			);
			name = RunToYourGoal;
			packageProductDependencies = (
				8FE1D11D2A9B311900582D66 /* RxCocoa */,
				8FE1D11F2A9B311900582D66 /* RxSwift */,
				8F11EAF72A9C340B0065CD08 /* FirebaseAuth */,
				8F11EAF92A9C340B0065CD08 /* FirebaseDatabase */,
				8F11EAFB2A9C340B0065CD08 /* FirebaseFirestore */,
				8F11EAFD2A9C340B0065CD08 /* FirebaseStorage */,
				8F4ACF592AE02873000A4BBE /* SnapKit */,
			);
			productName = RunToYourGoal;
			productReference = 8F38ADA72A894B8D003125F6 /* RunToYourGoal.app */;
			productType = "com.apple.product-type.application";
		};
/* End PBXNativeTarget section */

/* Begin PBXProject section */
		8F38AD9F2A894B8D003125F6 /* Project object */ = {
			isa = PBXProject;
			attributes = {
				BuildIndependentTargetsInParallel = 1;
				LastSwiftUpdateCheck = 1430;
				LastUpgradeCheck = 1430;
				TargetAttributes = {
					8F38ADA62A894B8D003125F6 = {
						CreatedOnToolsVersion = 14.3.1;
					};
				};
			};
			buildConfigurationList = 8F38ADA22A894B8D003125F6 /* Build configuration list for PBXProject "RunToYourGoal" */;
			compatibilityVersion = "Xcode 14.0";
			developmentRegion = en;
			hasScannedForEncodings = 0;
			knownRegions = (
				en,
				Base,
			);
			mainGroup = 8F38AD9E2A894B8D003125F6;
			packageReferences = (
				8FE1D11C2A9B311900582D66 /* XCRemoteSwiftPackageReference "RxSwift" */,
				8F11EAF62A9C340A0065CD08 /* XCRemoteSwiftPackageReference "firebase-ios-sdk" */,
				8F4ACF582AE02873000A4BBE /* XCRemoteSwiftPackageReference "SnapKit" */,
			);
			productRefGroup = 8F38ADA82A894B8D003125F6 /* Products */;
			projectDirPath = "";
			projectRoot = "";
			targets = (
				8F38ADA62A894B8D003125F6 /* RunToYourGoal */,
			);
		};
/* End PBXProject section */

/* Begin PBXResourcesBuildPhase section */
		8F38ADA52A894B8D003125F6 /* Resources */ = {
			isa = PBXResourcesBuildPhase;
			buildActionMask = 2147483647;
			files = (
				8FCD50BC2AF1755D00C00221 /* SOYO Maple Regular.otf in Resources */,
				8F38ADB72A894B8D003125F6 /* LaunchScreen.storyboard in Resources */,
				8F8BF9742AE6883B00D379C8 /* GoogleService-Info.plist in Resources */,
				8F38ADB42A894B8D003125F6 /* Assets.xcassets in Resources */,
				8FCD50BD2AF1755D00C00221 /* SOYO Maple Bold.otf in Resources */,
				8FCD50C72AF1788100C00221 /* MainListCell.xib in Resources */,
				8F38ADB22A894B8D003125F6 /* Main.storyboard in Resources */,
			);
			runOnlyForDeploymentPostprocessing = 0;
		};
/* End PBXResourcesBuildPhase section */

/* Begin PBXShellScriptBuildPhase section */
		0B3F72E473FE37AB60B48241 /* [CP] Check Pods Manifest.lock */ = {
			isa = PBXShellScriptBuildPhase;
			buildActionMask = 2147483647;
			files = (
			);
			inputFileListPaths = (
			);
			inputPaths = (
				"${PODS_PODFILE_DIR_PATH}/Podfile.lock",
				"${PODS_ROOT}/Manifest.lock",
			);
			name = "[CP] Check Pods Manifest.lock";
			outputFileListPaths = (
			);
			outputPaths = (
				"$(DERIVED_FILE_DIR)/Pods-RunToYourGoal-checkManifestLockResult.txt",
			);
			runOnlyForDeploymentPostprocessing = 0;
			shellPath = /bin/sh;
			shellScript = "diff \"${PODS_PODFILE_DIR_PATH}/Podfile.lock\" \"${PODS_ROOT}/Manifest.lock\" > /dev/null\nif [ $? != 0 ] ; then\n    # print error to STDERR\n    echo \"error: The sandbox is not in sync with the Podfile.lock. Run 'pod install' or update your CocoaPods installation.\" >&2\n    exit 1\nfi\n# This output is used by Xcode 'outputs' to avoid re-running this script phase.\necho \"SUCCESS\" > \"${SCRIPT_OUTPUT_FILE_0}\"\n";
			showEnvVarsInLog = 0;
		};
		EFA00AC94F1A1C69E3C04686 /* [CP] Embed Pods Frameworks */ = {
			isa = PBXShellScriptBuildPhase;
			buildActionMask = 2147483647;
			files = (
			);
			inputFileListPaths = (
				"${PODS_ROOT}/Target Support Files/Pods-RunToYourGoal/Pods-RunToYourGoal-frameworks-${CONFIGURATION}-input-files.xcfilelist",
			);
			name = "[CP] Embed Pods Frameworks";
			outputFileListPaths = (
				"${PODS_ROOT}/Target Support Files/Pods-RunToYourGoal/Pods-RunToYourGoal-frameworks-${CONFIGURATION}-output-files.xcfilelist",
			);
			runOnlyForDeploymentPostprocessing = 0;
			shellPath = /bin/sh;
			shellScript = "\"${PODS_ROOT}/Target Support Files/Pods-RunToYourGoal/Pods-RunToYourGoal-frameworks.sh\"\n";
			showEnvVarsInLog = 0;
		};
/* End PBXShellScriptBuildPhase section */

/* Begin PBXSourcesBuildPhase section */
		8F38ADA32A894B8D003125F6 /* Sources */ = {
			isa = PBXSourcesBuildPhase;
			buildActionMask = 2147483647;
			files = (
				8FE1D10C2A9B243300582D66 /* FIrstViewController.swift in Sources */,
				8F38ADAB2A894B8D003125F6 /* AppDelegate.swift in Sources */,
				8FE1D10E2A9B246B00582D66 /* JoinViewController.swift in Sources */,
				8FCD50C62AF1788100C00221 /* MainListCell.swift in Sources */,
				8F7265282AB1EF3E00662ED6 /* MainListViewController.swift in Sources */,
				8F9F35E82AF0102F00ADB101 /* SplashViewController.swift in Sources */,
				8F6CBE8C2AEBFE8F00566EE4 /* ReportViewController.swift in Sources */,
				8F6CBE8A2AEBD55200566EE4 /* MyPageViewController.swift in Sources */,
				8F11EB002A9C990D0065CD08 /* LoginViewController.swift in Sources */,
				8FD1A45E2AD6B07000869BA0 /* AddGoalModalViewController.swift in Sources */,
				8F8BF9702AE6708200D379C8 /* GetCurrentTIme.swift in Sources */,
				8F38ADAD2A894B8D003125F6 /* SceneDelegate.swift in Sources */,
				8F8BF96E2AE66F0500D379C8 /* CalendarViewController.swift in Sources */,
			);
			runOnlyForDeploymentPostprocessing = 0;
		};
/* End PBXSourcesBuildPhase section */

/* Begin PBXVariantGroup section */
		8F38ADB02A894B8D003125F6 /* Main.storyboard */ = {
			isa = PBXVariantGroup;
			children = (
				8F38ADB12A894B8D003125F6 /* Base */,
			);
			name = Main.storyboard;
			sourceTree = "<group>";
		};
		8F38ADB52A894B8D003125F6 /* LaunchScreen.storyboard */ = {
			isa = PBXVariantGroup;
			children = (
				8F38ADB62A894B8D003125F6 /* Base */,
			);
			name = LaunchScreen.storyboard;
			sourceTree = "<group>";
		};
/* End PBXVariantGroup section */

/* Begin XCBuildConfiguration section */
		8F38ADB92A894B8D003125F6 /* Debug */ = {
			isa = XCBuildConfiguration;
			buildSettings = {
				ALWAYS_SEARCH_USER_PATHS = NO;
				CLANG_ANALYZER_NONNULL = YES;
				CLANG_ANALYZER_NUMBER_OBJECT_CONVERSION = YES_AGGRESSIVE;
				CLANG_CXX_LANGUAGE_STANDARD = "gnu++20";
				CLANG_ENABLE_MODULES = YES;
				CLANG_ENABLE_OBJC_ARC = YES;
				CLANG_ENABLE_OBJC_WEAK = YES;
				CLANG_WARN_BLOCK_CAPTURE_AUTORELEASING = YES;
				CLANG_WARN_BOOL_CONVERSION = YES;
				CLANG_WARN_COMMA = YES;
				CLANG_WARN_CONSTANT_CONVERSION = YES;
				CLANG_WARN_DEPRECATED_OBJC_IMPLEMENTATIONS = YES;
				CLANG_WARN_DIRECT_OBJC_ISA_USAGE = YES_ERROR;
				CLANG_WARN_DOCUMENTATION_COMMENTS = YES;
				CLANG_WARN_EMPTY_BODY = YES;
				CLANG_WARN_ENUM_CONVERSION = YES;
				CLANG_WARN_INFINITE_RECURSION = YES;
				CLANG_WARN_INT_CONVERSION = YES;
				CLANG_WARN_NON_LITERAL_NULL_CONVERSION = YES;
				CLANG_WARN_OBJC_IMPLICIT_RETAIN_SELF = YES;
				CLANG_WARN_OBJC_LITERAL_CONVERSION = YES;
				CLANG_WARN_OBJC_ROOT_CLASS = YES_ERROR;
				CLANG_WARN_QUOTED_INCLUDE_IN_FRAMEWORK_HEADER = YES;
				CLANG_WARN_RANGE_LOOP_ANALYSIS = YES;
				CLANG_WARN_STRICT_PROTOTYPES = YES;
				CLANG_WARN_SUSPICIOUS_MOVE = YES;
				CLANG_WARN_UNGUARDED_AVAILABILITY = YES_AGGRESSIVE;
				CLANG_WARN_UNREACHABLE_CODE = YES;
				CLANG_WARN__DUPLICATE_METHOD_MATCH = YES;
				COPY_PHASE_STRIP = NO;
				DEBUG_INFORMATION_FORMAT = dwarf;
				ENABLE_STRICT_OBJC_MSGSEND = YES;
				ENABLE_TESTABILITY = YES;
				GCC_C_LANGUAGE_STANDARD = gnu11;
				GCC_DYNAMIC_NO_PIC = NO;
				GCC_NO_COMMON_BLOCKS = YES;
				GCC_OPTIMIZATION_LEVEL = 0;
				GCC_PREPROCESSOR_DEFINITIONS = (
					"DEBUG=1",
					"$(inherited)",
				);
				GCC_WARN_64_TO_32_BIT_CONVERSION = YES;
				GCC_WARN_ABOUT_RETURN_TYPE = YES_ERROR;
				GCC_WARN_UNDECLARED_SELECTOR = YES;
				GCC_WARN_UNINITIALIZED_AUTOS = YES_AGGRESSIVE;
				GCC_WARN_UNUSED_FUNCTION = YES;
				GCC_WARN_UNUSED_VARIABLE = YES;
				IPHONEOS_DEPLOYMENT_TARGET = 16.0;
				MTL_ENABLE_DEBUG_INFO = INCLUDE_SOURCE;
				MTL_FAST_MATH = YES;
				ONLY_ACTIVE_ARCH = YES;
				SDKROOT = iphoneos;
				SWIFT_ACTIVE_COMPILATION_CONDITIONS = DEBUG;
				SWIFT_OPTIMIZATION_LEVEL = "-Onone";
			};
			name = Debug;
		};
		8F38ADBA2A894B8D003125F6 /* Release */ = {
			isa = XCBuildConfiguration;
			buildSettings = {
				ALWAYS_SEARCH_USER_PATHS = NO;
				CLANG_ANALYZER_NONNULL = YES;
				CLANG_ANALYZER_NUMBER_OBJECT_CONVERSION = YES_AGGRESSIVE;
				CLANG_CXX_LANGUAGE_STANDARD = "gnu++20";
				CLANG_ENABLE_MODULES = YES;
				CLANG_ENABLE_OBJC_ARC = YES;
				CLANG_ENABLE_OBJC_WEAK = YES;
				CLANG_WARN_BLOCK_CAPTURE_AUTORELEASING = YES;
				CLANG_WARN_BOOL_CONVERSION = YES;
				CLANG_WARN_COMMA = YES;
				CLANG_WARN_CONSTANT_CONVERSION = YES;
				CLANG_WARN_DEPRECATED_OBJC_IMPLEMENTATIONS = YES;
				CLANG_WARN_DIRECT_OBJC_ISA_USAGE = YES_ERROR;
				CLANG_WARN_DOCUMENTATION_COMMENTS = YES;
				CLANG_WARN_EMPTY_BODY = YES;
				CLANG_WARN_ENUM_CONVERSION = YES;
				CLANG_WARN_INFINITE_RECURSION = YES;
				CLANG_WARN_INT_CONVERSION = YES;
				CLANG_WARN_NON_LITERAL_NULL_CONVERSION = YES;
				CLANG_WARN_OBJC_IMPLICIT_RETAIN_SELF = YES;
				CLANG_WARN_OBJC_LITERAL_CONVERSION = YES;
				CLANG_WARN_OBJC_ROOT_CLASS = YES_ERROR;
				CLANG_WARN_QUOTED_INCLUDE_IN_FRAMEWORK_HEADER = YES;
				CLANG_WARN_RANGE_LOOP_ANALYSIS = YES;
				CLANG_WARN_STRICT_PROTOTYPES = YES;
				CLANG_WARN_SUSPICIOUS_MOVE = YES;
				CLANG_WARN_UNGUARDED_AVAILABILITY = YES_AGGRESSIVE;
				CLANG_WARN_UNREACHABLE_CODE = YES;
				CLANG_WARN__DUPLICATE_METHOD_MATCH = YES;
				COPY_PHASE_STRIP = NO;
				DEBUG_INFORMATION_FORMAT = "dwarf-with-dsym";
				ENABLE_NS_ASSERTIONS = NO;
				ENABLE_STRICT_OBJC_MSGSEND = YES;
				GCC_C_LANGUAGE_STANDARD = gnu11;
				GCC_NO_COMMON_BLOCKS = YES;
				GCC_WARN_64_TO_32_BIT_CONVERSION = YES;
				GCC_WARN_ABOUT_RETURN_TYPE = YES_ERROR;
				GCC_WARN_UNDECLARED_SELECTOR = YES;
				GCC_WARN_UNINITIALIZED_AUTOS = YES_AGGRESSIVE;
				GCC_WARN_UNUSED_FUNCTION = YES;
				GCC_WARN_UNUSED_VARIABLE = YES;
				IPHONEOS_DEPLOYMENT_TARGET = 16.0;
				MTL_ENABLE_DEBUG_INFO = NO;
				MTL_FAST_MATH = YES;
				SDKROOT = iphoneos;
				SWIFT_COMPILATION_MODE = wholemodule;
				SWIFT_OPTIMIZATION_LEVEL = "-O";
				VALIDATE_PRODUCT = YES;
			};
			name = Release;
		};
		8F38ADBC2A894B8D003125F6 /* Debug */ = {
			isa = XCBuildConfiguration;
			baseConfigurationReference = A7526BAC5F78F703EA5E87A1 /* Pods-RunToYourGoal.debug.xcconfig */;
			buildSettings = {
				ASSETCATALOG_COMPILER_APPICON_NAME = AppIcon;
				ASSETCATALOG_COMPILER_GLOBAL_ACCENT_COLOR_NAME = AccentColor;
				CODE_SIGN_STYLE = Automatic;
				CURRENT_PROJECT_VERSION = 1;
				DEVELOPMENT_TEAM = H5CH2SK77M;
				GENERATE_INFOPLIST_FILE = YES;
				INFOPLIST_FILE = RunToYourGoal/Info.plist;
				INFOPLIST_KEY_LSApplicationCategoryType = "public.app-category.productivity";
				INFOPLIST_KEY_UIApplicationSupportsIndirectInputEvents = YES;
				INFOPLIST_KEY_UILaunchStoryboardName = LaunchScreen;
				INFOPLIST_KEY_UIMainStoryboardFile = Main;
				INFOPLIST_KEY_UISupportedInterfaceOrientations_iPad = "UIInterfaceOrientationPortrait UIInterfaceOrientationPortraitUpsideDown UIInterfaceOrientationLandscapeLeft UIInterfaceOrientationLandscapeRight";
				INFOPLIST_KEY_UISupportedInterfaceOrientations_iPhone = "UIInterfaceOrientationPortrait UIInterfaceOrientationLandscapeLeft UIInterfaceOrientationLandscapeRight";
				IPHONEOS_DEPLOYMENT_TARGET = 16.0;
				LD_RUNPATH_SEARCH_PATHS = (
					"$(inherited)",
					"@executable_path/Frameworks",
				);
				MARKETING_VERSION = 1.0;
				PRODUCT_BUNDLE_IDENTIFIER = WonDongHyun.RunToYourGoal;
				PRODUCT_NAME = "$(TARGET_NAME)";
				SWIFT_EMIT_LOC_STRINGS = YES;
				SWIFT_VERSION = 5.0;
				TARGETED_DEVICE_FAMILY = "1,2";
			};
			name = Debug;
		};
		8F38ADBD2A894B8D003125F6 /* Release */ = {
			isa = XCBuildConfiguration;
			baseConfigurationReference = 1D4A9D0F73CE55FA4F073046 /* Pods-RunToYourGoal.release.xcconfig */;
			buildSettings = {
				ASSETCATALOG_COMPILER_APPICON_NAME = AppIcon;
				ASSETCATALOG_COMPILER_GLOBAL_ACCENT_COLOR_NAME = AccentColor;
				CODE_SIGN_STYLE = Automatic;
				CURRENT_PROJECT_VERSION = 1;
				DEVELOPMENT_TEAM = H5CH2SK77M;
				GENERATE_INFOPLIST_FILE = YES;
				INFOPLIST_FILE = RunToYourGoal/Info.plist;
				INFOPLIST_KEY_LSApplicationCategoryType = "public.app-category.productivity";
				INFOPLIST_KEY_UIApplicationSupportsIndirectInputEvents = YES;
				INFOPLIST_KEY_UILaunchStoryboardName = LaunchScreen;
				INFOPLIST_KEY_UIMainStoryboardFile = Main;
				INFOPLIST_KEY_UISupportedInterfaceOrientations_iPad = "UIInterfaceOrientationPortrait UIInterfaceOrientationPortraitUpsideDown UIInterfaceOrientationLandscapeLeft UIInterfaceOrientationLandscapeRight";
				INFOPLIST_KEY_UISupportedInterfaceOrientations_iPhone = "UIInterfaceOrientationPortrait UIInterfaceOrientationLandscapeLeft UIInterfaceOrientationLandscapeRight";
				IPHONEOS_DEPLOYMENT_TARGET = 16.0;
				LD_RUNPATH_SEARCH_PATHS = (
					"$(inherited)",
					"@executable_path/Frameworks",
				);
				MARKETING_VERSION = 1.0;
				PRODUCT_BUNDLE_IDENTIFIER = WonDongHyun.RunToYourGoal;
				PRODUCT_NAME = "$(TARGET_NAME)";
				SWIFT_EMIT_LOC_STRINGS = YES;
				SWIFT_VERSION = 5.0;
				TARGETED_DEVICE_FAMILY = "1,2";
			};
			name = Release;
		};
/* End XCBuildConfiguration section */

/* Begin XCConfigurationList section */
		8F38ADA22A894B8D003125F6 /* Build configuration list for PBXProject "RunToYourGoal" */ = {
			isa = XCConfigurationList;
			buildConfigurations = (
				8F38ADB92A894B8D003125F6 /* Debug */,
				8F38ADBA2A894B8D003125F6 /* Release */,
			);
			defaultConfigurationIsVisible = 0;
			defaultConfigurationName = Release;
		};
		8F38ADBB2A894B8D003125F6 /* Build configuration list for PBXNativeTarget "RunToYourGoal" */ = {
			isa = XCConfigurationList;
			buildConfigurations = (
				8F38ADBC2A894B8D003125F6 /* Debug */,
				8F38ADBD2A894B8D003125F6 /* Release */,
			);
			defaultConfigurationIsVisible = 0;
			defaultConfigurationName = Release;
		};
/* End XCConfigurationList section */

/* Begin XCRemoteSwiftPackageReference section */
		8F11EAF62A9C340A0065CD08 /* XCRemoteSwiftPackageReference "firebase-ios-sdk" */ = {
			isa = XCRemoteSwiftPackageReference;
			repositoryURL = "https://github.com/firebase/firebase-ios-sdk";
			requirement = {
				kind = upToNextMajorVersion;
				minimumVersion = 10.0.0;
			};
		};
		8F4ACF582AE02873000A4BBE /* XCRemoteSwiftPackageReference "SnapKit" */ = {
			isa = XCRemoteSwiftPackageReference;
			repositoryURL = "https://github.com/SnapKit/SnapKit.git";
			requirement = {
				kind = upToNextMajorVersion;
				minimumVersion = 5.0.0;
			};
		};
		8FE1D11C2A9B311900582D66 /* XCRemoteSwiftPackageReference "RxSwift" */ = {
			isa = XCRemoteSwiftPackageReference;
			repositoryURL = "https://github.com/ReactiveX/RxSwift.git";
			requirement = {
				kind = upToNextMajorVersion;
				minimumVersion = 6.0.0;
			};
		};
/* End XCRemoteSwiftPackageReference section */

/* Begin XCSwiftPackageProductDependency section */
		8F11EAF72A9C340B0065CD08 /* FirebaseAuth */ = {
			isa = XCSwiftPackageProductDependency;
			package = 8F11EAF62A9C340A0065CD08 /* XCRemoteSwiftPackageReference "firebase-ios-sdk" */;
			productName = FirebaseAuth;
		};
		8F11EAF92A9C340B0065CD08 /* FirebaseDatabase */ = {
			isa = XCSwiftPackageProductDependency;
			package = 8F11EAF62A9C340A0065CD08 /* XCRemoteSwiftPackageReference "firebase-ios-sdk" */;
			productName = FirebaseDatabase;
		};
		8F11EAFB2A9C340B0065CD08 /* FirebaseFirestore */ = {
			isa = XCSwiftPackageProductDependency;
			package = 8F11EAF62A9C340A0065CD08 /* XCRemoteSwiftPackageReference "firebase-ios-sdk" */;
			productName = FirebaseFirestore;
		};
		8F11EAFD2A9C340B0065CD08 /* FirebaseStorage */ = {
			isa = XCSwiftPackageProductDependency;
			package = 8F11EAF62A9C340A0065CD08 /* XCRemoteSwiftPackageReference "firebase-ios-sdk" */;
			productName = FirebaseStorage;
		};
		8F4ACF592AE02873000A4BBE /* SnapKit */ = {
			isa = XCSwiftPackageProductDependency;
			package = 8F4ACF582AE02873000A4BBE /* XCRemoteSwiftPackageReference "SnapKit" */;
			productName = SnapKit;
		};
		8FE1D11D2A9B311900582D66 /* RxCocoa */ = {
			isa = XCSwiftPackageProductDependency;
			package = 8FE1D11C2A9B311900582D66 /* XCRemoteSwiftPackageReference "RxSwift" */;
			productName = RxCocoa;
		};
		8FE1D11F2A9B311900582D66 /* RxSwift */ = {
			isa = XCSwiftPackageProductDependency;
			package = 8FE1D11C2A9B311900582D66 /* XCRemoteSwiftPackageReference "RxSwift" */;
			productName = RxSwift;
		};
/* End XCSwiftPackageProductDependency section */
	};
	rootObject = 8F38AD9F2A894B8D003125F6 /* Project object */;
}
